
Microsoft Visual Studio Solution File, Format Version 12.00
# Visual Studio 15
VisualStudioVersion = 15.0.28307.168
MinimumVisualStudioVersion = 10.0.40219.1
Project("{FAE04EC0-301F-11D3-BF4B-00C04F79EFBC}") = "Sorteos", "Sorteos\Sorteos.csproj", "{2F5B5F3B-B587-41AF-893A-E8087B717FD3}"
EndProject
Project("{FAE04EC0-301F-11D3-BF4B-00C04F79EFBC}") = "PruebasUnitariasSorteos", "PruebasUnitariasSorteos\PruebasUnitariasSorteos.csproj", "{CA8F099F-3035-4BCB-97B7-335D429F47CC}"
EndProject
Global
	GlobalSection(SolutionConfigurationPlatforms) = preSolution
		Debug|Any CPU = Debug|Any CPU
		Release|Any CPU = Release|Any CPU
	EndGlobalSection
	GlobalSection(ProjectConfigurationPlatforms) = postSolution
		{2F5B5F3B-B587-41AF-893A-E8087B717FD3}.Debug|Any CPU.ActiveCfg = Debug|Any CPU
		{2F5B5F3B-B587-41AF-893A-E8087B717FD3}.Debug|Any CPU.Build.0 = Debug|Any CPU
		{2F5B5F3B-B587-41AF-893A-E8087B717FD3}.Release|Any CPU.ActiveCfg = Release|Any CPU
		{2F5B5F3B-B587-41AF-893A-E8087B717FD3}.Release|Any CPU.Build.0 = Release|Any CPU
		{CA8F099F-3035-4BCB-97B7-335D429F47CC}.Debug|Any CPU.ActiveCfg = Debug|Any CPU
		{CA8F099F-3035-4BCB-97B7-335D429F47CC}.Debug|Any CPU.Build.0 = Debug|Any CPU
		{CA8F099F-3035-4BCB-97B7-335D429F47CC}.Release|Any CPU.ActiveCfg = Release|Any CPU
		{CA8F099F-3035-4BCB-97B7-335D429F47CC}.Release|Any CPU.Build.0 = Release|Any CPU
	EndGlobalSection
	GlobalSection(SolutionProperties) = preSolution
		HideSolutionNode = FALSE
	EndGlobalSection
	GlobalSection(ExtensibilityGlobals) = postSolution
		SolutionGuid = {FF6A766C-6279-4DF8-8657-94E1CB73D5B2}
	EndGlobalSection
EndGlobal
